<?xml version="1.0" encoding="UTF-8" standalone="yes" ?>
<CodeBlocks_project_file>
	<FileVersion major="1" minor="6" />
	<Project>
		<Option title="game" />
		<Option pch_mode="2" />
		<Option compiler="gcc" />
		<Build>
			<Target title="Linux Debug">
				<Option output="bin/Linux Debug/game" prefix_auto="1" extension_auto="1" />
				<Option object_output="obj/Linux Debug/" />
				<Option type="1" />
				<Option compiler="gcc" />
				<Compiler>
					<Add option="-g" />
				</Compiler>
				<Linker>
					<Add option="`pkg-config --libs allegro-5 allegro_acodec-5 allegro_audio-5 allegro_font-5 allegro_image-5 allegro_primitives-5`" />
				</Linker>
			</Target>
			<Target title="Linux Release (static)">
				<Option output="bin/Linux Release (static)/game" prefix_auto="1" extension_auto="1" />
				<Option object_output="obj/Linux Release (static)/" />
				<Option type="0" />
				<Option compiler="gcc" />
				<Compiler>
					<Add option="-O2" />
					<Add option="-DALLEGRO_STATICLINK" />
				</Compiler>
				<Linker>
					<Add option="-s" />
					<Add option="`pkg-config --libs --static allegro-static-5 allegro_acodec-static-5 allegro_audio-static-5 allegro_font-static-5 allegro_image-static-5 allegro_primitives-static-5`" />
				</Linker>
			</Target>
			<Target title="Windows Debug">
				<Option output="bin/Windows Debug/game.exe" prefix_auto="1" extension_auto="0" />
				<Option object_output="obj/Windows Debug/" />
				<Option type="1" />
				<Option compiler="gcc" />
				<Compiler>
					<Add option="-g" />
				</Compiler>
				<Linker>
					<Add library="allegro.dll" />
					<Add library="allegro_acodec.dll" />
					<Add library="allegro_audio.dll" />
					<Add library="allegro_font.dll" />
					<Add library="allegro_image.dll" />
					<Add library="allegro_primitives.dll" />
				</Linker>
			</Target>
			<Target title="Windows Release">
				<Option output="bin/Windows Release/game.exe" prefix_auto="1" extension_auto="0" />
				<Option object_output="obj/Windows Release/" />
				<Option type="0" />
				<Option compiler="gcc" />
				<Compiler>
					<Add option="-O2" />
				</Compiler>
				<Linker>
					<Add option="-s" />
					<Add option="-mwindows" />
					<Add library="allegro.dll" />
					<Add library="allegro_acodec.dll" />
					<Add library="allegro_audio.dll" />
					<Add library="allegro_font.dll" />
					<Add library="allegro_image.dll" />
					<Add library="allegro_primitives.dll" />
				</Linker>
			</Target>
			<Target title="Windows Release (static)">
				<Option output="bin/Windows Release (static)/game.exe" prefix_auto="1" extension_auto="0" />
				<Option object_output="obj/Windows Release (static)/" />
				<Option type="0" />
				<Option compiler="gcc" />
				<Compiler>
					<Add option="-O2" />
					<Add option="-DALLEGRO_STATICLINK" />
				</Compiler>
				<Linker>
					<Add option="-s" />
					<Add option="-static" />
					<Add option="-mwindows" />
					<Add library="allegro-static" />
					<Add library="allegro_acodec-static" />
					<Add library="allegro_audio-static" />
					<Add library="allegro_font-static" />
					<Add library="allegro_image-static" />
					<Add library="allegro_primitives-static" />
					<Add library="gdiplus" />
					<Add library="uuid" />
					<Add library="kernel32" />
					<Add library="winmm" />
					<Add library="psapi" />
					<Add library="opengl32" />
					<Add library="glu32" />
					<Add library="user32" />
					<Add library="comdlg32" />
					<Add library="gdi32" />
					<Add library="shell32" />
					<Add library="ole32" />
					<Add library="advapi32" />
					<Add library="ws2_32" />
					<Add library="shlwapi" />
					<Add library="dsound" />
					<Add library="FLAC" />
					<Add library="vorbisfile" />
					<Add library="vorbis" />
					<Add library="ogg" />
				</Linker>
			</Target>
			<Target title="Cross-Windows">
				<Option output="bin/Cross-Windows/game.exe" prefix_auto="1" extension_auto="0" />
				<Option object_output="obj/Cross-Windows/" />
				<Option type="0" />
				<Option compiler="mingw_cross-compiler" />
				<Compiler>
					<Add option="-O2" />
				</Compiler>
				<Linker>
					<Add option="-s" />
					<Add option="-mwindows" />
					<Add library="allegro.dll" />
					<Add library="allegro_acodec.dll" />
					<Add library="allegro_audio.dll" />
					<Add library="allegro_font.dll" />
					<Add library="allegro_image.dll" />
					<Add library="allegro_primitives.dll" />
				</Linker>
			</Target>
			<Target title="Cross-Windows (static)">
				<Option output="bin/Cross-Windows (static)/game.exe" prefix_auto="1" extension_auto="0" />
				<Option object_output="obj/Cross-Windows (static)/" />
				<Option type="0" />
				<Option compiler="mingw_cross-compiler" />
				<Compiler>
					<Add option="-O2" />
					<Add option="-DALLEGRO_STATICLINK" />
				</Compiler>
				<Linker>
					<Add option="-s" />
					<Add option="-static" />
					<Add option="-mwindows" />
					<Add library="allegro-static" />
					<Add library="allegro_acodec-static" />
					<Add library="allegro_audio-static" />
					<Add library="allegro_font-static" />
					<Add library="allegro_image-static" />
					<Add library="allegro_primitives-static" />
					<Add library="gdiplus" />
					<Add library="uuid" />
					<Add library="kernel32" />
					<Add library="winmm" />
					<Add library="psapi" />
					<Add library="opengl32" />
					<Add library="glu32" />
					<Add library="user32" />
					<Add library="comdlg32" />
					<Add library="gdi32" />
					<Add library="shell32" />
					<Add library="ole32" />
					<Add library="advapi32" />
					<Add library="ws2_32" />
					<Add library="shlwapi" />
					<Add library="dsound" />
					<Add library="FLAC" />
					<Add library="vorbisfile" />
					<Add library="vorbis" />
					<Add library="ogg" />
				</Linker>
			</Target>
			<Target title="Cross-Windows x64">
				<Option output="bin/Cross-Windows x64/game.exe" prefix_auto="1" extension_auto="0" />
				<Option object_output="obj/Cross-Windows x64/" />
				<Option type="0" />
				<Option compiler="mingw_cross-compiler_x86_64" />
				<Compiler>
					<Add option="-O2" />
				</Compiler>
				<Linker>
					<Add option="-s" />
					<Add option="-mwindows" />
					<Add library="allegro.dll" />
					<Add library="allegro_acodec.dll" />
					<Add library="allegro_audio.dll" />
					<Add library="allegro_font.dll" />
					<Add library="allegro_image.dll" />
					<Add library="allegro_primitives.dll" />
				</Linker>
			</Target>
			<Target title="Cross-Windows x64 (static)">
				<Option output="bin/Cross-Windows x64 (static)/game.exe" prefix_auto="1" extension_auto="0" />
				<Option object_output="obj/Cross-Windows x64 (static)/" />
				<Option type="0" />
				<Option compiler="mingw_cross-compiler_x86_64" />
				<Compiler>
					<Add option="-O2" />
					<Add option="-DALLEGRO_STATICLINK" />
				</Compiler>
				<Linker>
					<Add option="-s" />
					<Add option="-static" />
					<Add option="-mwindows" />
					<Add library="allegro-static" />
					<Add library="allegro_acodec-static" />
					<Add library="allegro_audio-static" />
					<Add library="allegro_font-static" />
					<Add library="allegro_image-static" />
					<Add library="allegro_primitives-static" />
					<Add library="gdiplus" />
					<Add library="uuid" />
					<Add library="kernel32" />
					<Add library="winmm" />
					<Add library="psapi" />
					<Add library="opengl32" />
					<Add library="glu32" />
					<Add library="user32" />
					<Add library="comdlg32" />
					<Add library="gdi32" />
					<Add library="shell32" />
					<Add library="ole32" />
					<Add library="advapi32" />
					<Add library="ws2_32" />
					<Add library="shlwapi" />
					<Add library="dsound" />
					<Add library="FLAC" />
					<Add library="vorbisfile" />
					<Add library="vorbis" />
					<Add library="ogg" />
				</Linker>
			</Target>
		</Build>
		<Compiler>
			<Add option="-Wall" />
			<Add option="-fexceptions" />
			<Add option="-Wno-trigraphs" />
		</Compiler>
		<Unit filename="src/game.c">
			<Option compilerVar="CC" />
		</Unit>
		<Unit filename="src/game.h" />
		<Unit filename="src/main.c">
			<Option compilerVar="CC" />
		</Unit>
		<Unit filename="src/resource.rc">
			<Option target="Windows Debug" />
			<Option target="Windows Release" />
			<Option target="Windows Release (static)" />
			<Option target="Cross-Windows" />
			<Option target="Cross-Windows (static)" />
			<Option target="Cross-Windows x64" />
			<Option target="Cross-Windows x64 (static)" />
		</Unit>
		<Unit filename="src/state.h" />
		<Unit filename="src/state_game.c">
			<Option compilerVar="CC" />
		</Unit>
		<Unit filename="src/state_game.h" />
		<Extensions>
			<code_completion />
			<envvars />
			<debugger />
			<lib_finder disable_auto="1" />
		</Extensions>
	</Project>
</CodeBlocks_project_file>
