<?xml version="1.0" encoding="UTF-8" standalone="yes" ?>
<CodeBlocks_project_file>
	<FileVersion major="1" minor="6" />
	<Project>
		<Option title="game" />
		<Option pch_mode="2" />
		<Option compiler="gcc" />
		<Build>
			<Target title="Debug">
				<Option output="Debug/game" prefix_auto="1" extension_auto="1" />
				<Option object_output="Debug/" />
				<Option type="1" />
				<Option compiler="gcc" />
				<Compiler>
					<Add option="-g" />
				</Compiler>
				<Linker>
					<Add option="`allegro-config --libs`" />
				</Linker>
			</Target>
			<Target title="Release">
				<Option output="game" prefix_auto="1" extension_auto="1" />
				<Option object_output="Release/" />
				<Option type="0" />
				<Option compiler="gcc" />
				<Compiler>
					<Add option="-O2" />
					<Add option="-DALLEGRO_STATICLINK" />
				</Compiler>
				<Linker>
					<Add option="-s" />
					<Add option="`allegro-config --libs --static`" />
				</Linker>
			</Target>
			<Target title="Debug-mingw">
				<Option output="Debug-mingw/game.exe" prefix_auto="1" extension_auto="0" />
				<Option object_output="Debug-mingw/" />
				<Option type="0" />
				<Option compiler="mingw_cross-compiler" />
				<Compiler>
					<Add option="-g" />
				</Compiler>
				<Linker>
					<Add library="alleg44.dll" />
				</Linker>
			</Target>
			<Target title="Release-mingw">
				<Option output="game.exe" prefix_auto="1" extension_auto="0" />
				<Option object_output="Release-mingw/" />
				<Option type="0" />
				<Option compiler="mingw_cross-compiler" />
				<Compiler>
					<Add option="-O2" />
				</Compiler>
				<Linker>
					<Add option="-s" />
					<Add option="-mwindows" />
					<Add library="alleg44.dll" />
				</Linker>
			</Target>
			<Target title="Release-mingw-static">
				<Option output="game.exe" prefix_auto="1" extension_auto="0" />
				<Option object_output="Release-mingw-static/" />
				<Option type="0" />
				<Option compiler="mingw_cross-compiler" />
				<Compiler>
					<Add option="-O2" />
					<Add option="-DALLEGRO_STATICLINK" />
				</Compiler>
				<Linker>
					<Add option="-s" />
					<Add option="-static" />
					<Add option="-mwindows" />
					<Add library="alleg" />
					<Add library="kernel32" />
					<Add library="user32" />
					<Add library="gdi32" />
					<Add library="comdlg32" />
					<Add library="ole32" />
					<Add library="dinput" />
					<Add library="ddraw" />
					<Add library="dxguid" />
					<Add library="winmm" />
					<Add library="dsound" />
				</Linker>
			</Target>
			<Target title="Release-msdosdjgpp">
				<Option output="dosgame.exe" prefix_auto="1" extension_auto="0" />
				<Option object_output="Release-msdosdjgpp/" />
				<Option type="0" />
				<Option compiler="djgpp_cross-compiler" />
				<Compiler>
					<Add option="-O2" />
				</Compiler>
				<Linker>
					<Add option="-s" />
					<Add library="alleg" />
				</Linker>
			</Target>
		</Build>
		<Compiler>
			<Add option="-Wall" />
		</Compiler>
		<Unit filename="src/Game_Engine.cpp" />
		<Unit filename="src/Game_Engine.h" />
		<Unit filename="src/Game_State.cpp" />
		<Unit filename="src/Game_State.h" />
		<Unit filename="src/Main.cpp" />
		<Unit filename="src/State.h" />
		<Unit filename="src/resource.rc">
			<Option target="Release-mingw" />
			<Option target="Release-mingw-static" />
			<Option target="Debug-mingw" />
		</Unit>
		<Extensions>
			<code_completion />
			<debugger />
			<envvars />
		</Extensions>
	</Project>
</CodeBlocks_project_file>
