<?xml version="1.0" encoding="UTF-8" standalone="yes" ?>
<CodeBlocks_project_file>
	<FileVersion major="1" minor="6" />
	<Project>
		<Option title="Game" />
		<Option pch_mode="2" />
		<Option compiler="gcc" />
		<Build>
			<Target title="Linux Debug">
				<Option output="bin/Linux Debug/Game" prefix_auto="1" extension_auto="1" />
				<Option object_output="obj/Linux Debug/" />
				<Option type="1" />
				<Option compiler="gcc" />
				<Compiler>
					<Add option="-g" />
				</Compiler>
				<Linker>
					<Add option="`pkg-config --libs allegro`" />
				</Linker>
			</Target>
			<Target title="Linux Release (static)">
				<Option output="bin/Linux Release (static)/Game" prefix_auto="1" extension_auto="1" />
				<Option object_output="obj/Linux Release (static)/" />
				<Option type="0" />
				<Option compiler="gcc" />
				<Compiler>
					<Add option="-O2" />
					<Add option="-DALLEGRO_STATICLINK" />
				</Compiler>
				<Linker>
					<Add option="-s" />
					<Add option="`pkg-config --libs --static allegro`" />
				</Linker>
			</Target>
			<Target title="Windows Debug">
				<Option output="bin/Windows Debug/Game.exe" prefix_auto="1" extension_auto="0" />
				<Option object_output="obj/Windows Debug/" />
				<Option type="1" />
				<Option compiler="gcc" />
				<Compiler>
					<Add option="-g" />
				</Compiler>
				<Linker>
					<Add library="alleg44.dll" />
				</Linker>
			</Target>
			<Target title="Windows Release">
				<Option output="bin/Windows Release/Game.exe" prefix_auto="1" extension_auto="0" />
				<Option object_output="obj/Windows Release/" />
				<Option type="0" />
				<Option compiler="gcc" />
				<Compiler>
					<Add option="-O2" />
				</Compiler>
				<Linker>
					<Add option="-s" />
					<Add option="-mwindows" />
					<Add library="alleg44.dll" />
				</Linker>
			</Target>
			<Target title="Windows Release (static)">
				<Option output="bin/Windows Release (static)/Game.exe" prefix_auto="1" extension_auto="0" />
				<Option object_output="obj/Windows Release (static)/" />
				<Option type="0" />
				<Option compiler="gcc" />
				<Compiler>
					<Add option="-O2" />
					<Add option="-DALLEGRO_STATICLINK" />
				</Compiler>
				<Linker>
					<Add option="-s" />
					<Add option="-static" />
					<Add option="-mwindows" />
					<Add library="alleg" />
					<Add library="kernel32" />
					<Add library="user32" />
					<Add library="gdi32" />
					<Add library="comdlg32" />
					<Add library="ole32" />
					<Add library="dinput" />
					<Add library="ddraw" />
					<Add library="dxguid" />
					<Add library="winmm" />
					<Add library="dsound" />
				</Linker>
			</Target>
			<Target title="Cross-Windows">
				<Option output="bin/Cross-Windows/Game.exe" prefix_auto="1" extension_auto="0" />
				<Option object_output="obj/Cross-Windows/" />
				<Option type="0" />
				<Option compiler="mingw_cross-compiler" />
				<Compiler>
					<Add option="-O2" />
				</Compiler>
				<Linker>
					<Add option="-s" />
					<Add option="-mwindows" />
					<Add library="alleg44.dll" />
				</Linker>
			</Target>
			<Target title="Cross-Windows (static)">
				<Option output="bin/Cross-Windows (static)/Game.exe" prefix_auto="1" extension_auto="0" />
				<Option object_output="obj/Cross-Windows (static)/" />
				<Option type="0" />
				<Option compiler="mingw_cross-compiler" />
				<Compiler>
					<Add option="-O2" />
					<Add option="-DALLEGRO_STATICLINK" />
				</Compiler>
				<Linker>
					<Add option="-s" />
					<Add option="-static" />
					<Add option="-mwindows" />
					<Add library="alleg" />
					<Add library="kernel32" />
					<Add library="user32" />
					<Add library="gdi32" />
					<Add library="comdlg32" />
					<Add library="ole32" />
					<Add library="dinput" />
					<Add library="ddraw" />
					<Add library="dxguid" />
					<Add library="winmm" />
					<Add library="dsound" />
				</Linker>
			</Target>
			<Target title="Cross-Windows x64">
				<Option output="bin/Cross-Windows x64/Game.exe" prefix_auto="1" extension_auto="0" />
				<Option object_output="obj/Cross-Windows x64/" />
				<Option type="0" />
				<Option compiler="mingw_cross-compiler_x86_64" />
				<Compiler>
					<Add option="-O2" />
				</Compiler>
				<Linker>
					<Add option="-s" />
					<Add option="-mwindows" />
					<Add library="alleg44.dll" />
				</Linker>
			</Target>
			<Target title="Cross-Windows x64 (static)">
				<Option output="bin/Cross-Windows x64 (static)/Game.exe" prefix_auto="1" extension_auto="0" />
				<Option object_output="obj/Cross-Windows x64 (static)/" />
				<Option type="0" />
				<Option compiler="mingw_cross-compiler_x86_64" />
				<Compiler>
					<Add option="-O2" />
					<Add option="-DALLEGRO_STATICLINK" />
				</Compiler>
				<Linker>
					<Add option="-s" />
					<Add option="-static" />
					<Add option="-mwindows" />
					<Add library="alleg" />
					<Add library="kernel32" />
					<Add library="user32" />
					<Add library="gdi32" />
					<Add library="comdlg32" />
					<Add library="ole32" />
					<Add library="dinput" />
					<Add library="ddraw" />
					<Add library="dxguid" />
					<Add library="winmm" />
					<Add library="dsound" />
				</Linker>
			</Target>
			<Target title="Cross-DJGPP">
				<Option output="bin/Cross-DJGPP/Game.exe" prefix_auto="1" extension_auto="0" />
				<Option object_output="obj/Cross-DJGPP/" />
				<Option type="0" />
				<Option compiler="djgpp_cross-compiler" />
				<Compiler>
					<Add option="-O2" />
					<Add option="-fgnu89-inline" />
				</Compiler>
				<Linker>
					<Add option="-s" />
					<Add library="alleg" />
				</Linker>
			</Target>
		</Build>
		<Compiler>
			<Add option="-Wall" />
		</Compiler>
		<Unit filename="src/Game.c">
			<Option compilerVar="CC" />
		</Unit>
		<Unit filename="src/Game.h" />
		<Unit filename="src/Main.c">
			<Option compilerVar="CC" />
		</Unit>
		<Unit filename="src/State.h" />
		<Unit filename="src/State_Game.c">
			<Option compilerVar="CC" />
		</Unit>
		<Unit filename="src/State_Game.h" />
		<Unit filename="src/resource.rc">
			<Option target="Windows Debug" />
			<Option target="Windows Release" />
			<Option target="Windows Release (static)" />
			<Option target="Cross-Windows" />
			<Option target="Cross-Windows (static)" />
			<Option target="Cross-Windows x64" />
			<Option target="Cross-Windows x64 (static)" />
		</Unit>
		<Extensions>
			<envvars />
			<code_completion />
			<debugger />
			<lib_finder disable_auto="1" />
		</Extensions>
	</Project>
</CodeBlocks_project_file>
